// !$*UTF8*$!
{
	archiveVersion = 1;
	classes = {
	};
	objectVersion = 46;
	objects = {

/* Begin PBXBuildFile section */
		96313D581DDC60B1004D37C1 /* NSObject+runtime.m in Sources */ = {isa = PBXBuildFile; fileRef = 96313D571DDC60B1004D37C1 /* NSObject+runtime.m */; };
		96313D5B1DDC611D004D37C1 /* Girl.m in Sources */ = {isa = PBXBuildFile; fileRef = 96313D5A1DDC611D004D37C1 /* Girl.m */; };
		96EC2B991DDC5D02007861E7 /* main.m in Sources */ = {isa = PBXBuildFile; fileRef = 96EC2B981DDC5D02007861E7 /* main.m */; };
		96EC2B9C1DDC5D02007861E7 /* AppDelegate.m in Sources */ = {isa = PBXBuildFile; fileRef = 96EC2B9B1DDC5D02007861E7 /* AppDelegate.m */; };
		96EC2B9F1DDC5D02007861E7 /* ViewController.m in Sources */ = {isa = PBXBuildFile; fileRef = 96EC2B9E1DDC5D02007861E7 /* ViewController.m */; };
		96EC2BA21DDC5D02007861E7 /* Main.storyboard in Resources */ = {isa = PBXBuildFile; fileRef = 96EC2BA01DDC5D02007861E7 /* Main.storyboard */; };
		96EC2BA41DDC5D02007861E7 /* Assets.xcassets in Resources */ = {isa = PBXBuildFile; fileRef = 96EC2BA31DDC5D02007861E7 /* Assets.xcassets */; };
		96EC2BA71DDC5D02007861E7 /* LaunchScreen.storyboard in Resources */ = {isa = PBXBuildFile; fileRef = 96EC2BA51DDC5D02007861E7 /* LaunchScreen.storyboard */; };
/* End PBXBuildFile section */

/* Begin PBXFileReference section */
		96313D561DDC60B1004D37C1 /* NSObject+runtime.h */ = {isa = PBXFileReference; fileEncoding = 4; lastKnownFileType = sourcecode.c.h; path = "NSObject+runtime.h"; sourceTree = "<group>"; };
		96313D571DDC60B1004D37C1 /* NSObject+runtime.m */ = {isa = PBXFileReference; fileEncoding = 4; lastKnownFileType = sourcecode.c.objc; path = "NSObject+runtime.m"; sourceTree = "<group>"; };
		96313D591DDC611D004D37C1 /* Girl.h */ = {isa = PBXFileReference; fileEncoding = 4; lastKnownFileType = sourcecode.c.h; path = Girl.h; sourceTree = "<group>"; };
		96313D5A1DDC611D004D37C1 /* Girl.m */ = {isa = PBXFileReference; fileEncoding = 4; lastKnownFileType = sourcecode.c.objc; path = Girl.m; sourceTree = "<group>"; };
		96EC2B941DDC5D02007861E7 /* KMRuntimeDemo.app */ = {isa = PBXFileReference; explicitFileType = wrapper.application; includeInIndex = 0; path = KMRuntimeDemo.app; sourceTree = BUILT_PRODUCTS_DIR; };
		96EC2B981DDC5D02007861E7 /* main.m */ = {isa = PBXFileReference; lastKnownFileType = sourcecode.c.objc; path = main.m; sourceTree = "<group>"; };
		96EC2B9A1DDC5D02007861E7 /* AppDelegate.h */ = {isa = PBXFileReference; lastKnownFileType = sourcecode.c.h; path = AppDelegate.h; sourceTree = "<group>"; };
		96EC2B9B1DDC5D02007861E7 /* AppDelegate.m */ = {isa = PBXFileReference; lastKnownFileType = sourcecode.c.objc; path = AppDelegate.m; sourceTree = "<group>"; };
		96EC2B9D1DDC5D02007861E7 /* ViewController.h */ = {isa = PBXFileReference; lastKnownFileType = sourcecode.c.h; path = ViewController.h; sourceTree = "<group>"; };
		96EC2B9E1DDC5D02007861E7 /* ViewController.m */ = {isa = PBXFileReference; lastKnownFileType = sourcecode.c.objc; path = ViewController.m; sourceTree = "<group>"; };
		96EC2BA11DDC5D02007861E7 /* Base */ = {isa = PBXFileReference; lastKnownFileType = file.storyboard; name = Base; path = Base.lproj/Main.storyboard; sourceTree = "<group>"; };
		96EC2BA31DDC5D02007861E7 /* Assets.xcassets */ = {isa = PBXFileReference; lastKnownFileType = folder.assetcatalog; path = Assets.xcassets; sourceTree = "<group>"; };
		96EC2BA61DDC5D02007861E7 /* Base */ = {isa = PBXFileReference; lastKnownFileType = file.storyboard; name = Base; path = Base.lproj/LaunchScreen.storyboard; sourceTree = "<group>"; };
		96EC2BA81DDC5D02007861E7 /* Info.plist */ = {isa = PBXFileReference; lastKnownFileType = text.plist.xml; path = Info.plist; sourceTree = "<group>"; };
/* End PBXFileReference section */

/* Begin PBXFrameworksBuildPhase section */
		96EC2B911DDC5D02007861E7 /* Frameworks */ = {
			isa = PBXFrameworksBuildPhase;
			buildActionMask = 2147483647;
			files = (
			);
			runOnlyForDeploymentPostprocessing = 0;
		};
/* End PBXFrameworksBuildPhase section */

/* Begin PBXGroup section */
		96EC2B8B1DDC5D02007861E7 = {
			isa = PBXGroup;
			children = (
				96EC2B961DDC5D02007861E7 /* KMRuntimeDemo */,
				96EC2B951DDC5D02007861E7 /* Products */,
			);
			sourceTree = "<group>";
		};
		96EC2B951DDC5D02007861E7 /* Products */ = {
			isa = PBXGroup;
			children = (
				96EC2B941DDC5D02007861E7 /* KMRuntimeDemo.app */,
			);
			name = Products;
			sourceTree = "<group>";
		};
		96EC2B961DDC5D02007861E7 /* KMRuntimeDemo */ = {
			isa = PBXGroup;
			children = (
				96313D561DDC60B1004D37C1 /* NSObject+runtime.h */,
				96313D571DDC60B1004D37C1 /* NSObject+runtime.m */,
				96EC2B9A1DDC5D02007861E7 /* AppDelegate.h */,
				96EC2B9B1DDC5D02007861E7 /* AppDelegate.m */,
				96EC2B9D1DDC5D02007861E7 /* ViewController.h */,
				96EC2B9E1DDC5D02007861E7 /* ViewController.m */,
				96313D591DDC611D004D37C1 /* Girl.h */,
				96313D5A1DDC611D004D37C1 /* Girl.m */,
				96EC2BA01DDC5D02007861E7 /* Main.storyboard */,
				96EC2BA31DDC5D02007861E7 /* Assets.xcassets */,
				96EC2BA51DDC5D02007861E7 /* LaunchScreen.storyboard */,
				96EC2BA81DDC5D02007861E7 /* Info.plist */,
				96EC2B971DDC5D02007861E7 /* Supporting Files */,
			);
			path = KMRuntimeDemo;
			sourceTree = "<group>";
		};
		96EC2B971DDC5D02007861E7 /* Supporting Files */ = {
			isa = PBXGroup;
			children = (
				96EC2B981DDC5D02007861E7 /* main.m */,
			);
			name = "Supporting Files";
			sourceTree = "<group>";
		};
/* End PBXGroup section */

/* Begin PBXNativeTarget section */
		96EC2B931DDC5D02007861E7 /* KMRuntimeDemo */ = {
			isa = PBXNativeTarget;
			buildConfigurationList = 96EC2BAB1DDC5D02007861E7 /* Build configuration list for PBXNativeTarget "KMRuntimeDemo" */;
			buildPhases = (
				96EC2B901DDC5D02007861E7 /* Sources */,
				96EC2B911DDC5D02007861E7 /* Frameworks */,
				96EC2B921DDC5D02007861E7 /* Resources */,
			);
			buildRules = (
			);
			dependencies = (
			);
			name = KMRuntimeDemo;
			productName = KMRuntimeDemo;
			productReference = 96EC2B941DDC5D02007861E7 /* KMRuntimeDemo.app */;
			productType = "com.apple.product-type.application";
		};
/* End PBXNativeTarget section */

/* Begin PBXProject section */
		96EC2B8C1DDC5D02007861E7 /* Project object */ = {
			isa = PBXProject;
			attributes = {
				LastUpgradeCheck = 0810;
				ORGANIZATIONNAME = KIMI;
				TargetAttributes = {
					96EC2B931DDC5D02007861E7 = {
						CreatedOnToolsVersion = 8.1;
						ProvisioningStyle = Automatic;
					};
				};
			};
			buildConfigurationList = 96EC2B8F1DDC5D02007861E7 /* Build configuration list for PBXProject "KMRuntimeDemo" */;
			compatibilityVersion = "Xcode 3.2";
			developmentRegion = English;
			hasScannedForEncodings = 0;
			knownRegions = (
				en,
				Base,
			);
			mainGroup = 96EC2B8B1DDC5D02007861E7;
			productRefGroup = 96EC2B951DDC5D02007861E7 /* Products */;
			projectDirPath = "";
			projectRoot = "";
			targets = (
				96EC2B931DDC5D02007861E7 /* KMRuntimeDemo */,
			);
		};
/* End PBXProject section */

/* Begin PBXResourcesBuildPhase section */
		96EC2B921DDC5D02007861E7 /* Resources */ = {
			isa = PBXResourcesBuildPhase;
			buildActionMask = 2147483647;
			files = (
				96EC2BA71DDC5D02007861E7 /* LaunchScreen.storyboard in Resources */,
				96EC2BA41DDC5D02007861E7 /* Assets.xcassets in Resources */,
				96EC2BA21DDC5D02007861E7 /* Main.storyboard in Resources */,
			);
			runOnlyForDeploymentPostprocessing = 0;
		};
/* End PBXResourcesBuildPhase section */

/* Begin PBXSourcesBuildPhase section */
		96EC2B901DDC5D02007861E7 /* Sources */ = {
			isa = PBXSourcesBuildPhase;
			buildActionMask = 2147483647;
			files = (
				96313D5B1DDC611D004D37C1 /* Girl.m in Sources */,
				96313D581DDC60B1004D37C1 /* NSObject+runtime.m in Sources */,
				96EC2B9F1DDC5D02007861E7 /* ViewController.m in Sources */,
				96EC2B9C1DDC5D02007861E7 /* AppDelegate.m in Sources */,
				96EC2B991DDC5D02007861E7 /* main.m in Sources */,
			);
			runOnlyForDeploymentPostprocessing = 0;
		};
/* End PBXSourcesBuildPhase section */

/* Begin PBXVariantGroup section */
		96EC2BA01DDC5D02007861E7 /* Main.storyboard */ = {
			isa = PBXVariantGroup;
			children = (
				96EC2BA11DDC5D02007861E7 /* Base */,
			);
			name = Main.storyboard;
			sourceTree = "<group>";
		};
		96EC2BA51DDC5D02007861E7 /* LaunchScreen.storyboard */ = {
			isa = PBXVariantGroup;
			children = (
				96EC2BA61DDC5D02007861E7 /* Base */,
			);
			name = LaunchScreen.storyboard;
			sourceTree = "<group>";
		};
/* End PBXVariantGroup section */

/* Begin XCBuildConfiguration section */
		96EC2BA91DDC5D02007861E7 /* Debug */ = {
			isa = XCBuildConfiguration;
			buildSettings = {
				ALWAYS_SEARCH_USER_PATHS = NO;
				CLANG_ANALYZER_NONNULL = YES;
				CLANG_CXX_LANGUAGE_STANDARD = "gnu++0x";
				CLANG_CXX_LIBRARY = "libc++";
				CLANG_ENABLE_MODULES = YES;
				CLANG_ENABLE_OBJC_ARC = YES;
				CLANG_WARN_BOOL_CONVERSION = YES;
				CLANG_WARN_CONSTANT_CONVERSION = YES;
				CLANG_WARN_DIRECT_OBJC_ISA_USAGE = YES_ERROR;
				CLANG_WARN_DOCUMENTATION_COMMENTS = YES;
				CLANG_WARN_EMPTY_BODY = YES;
				CLANG_WARN_ENUM_CONVERSION = YES;
				CLANG_WARN_INFINITE_RECURSION = YES;
				CLANG_WARN_INT_CONVERSION = YES;
				CLANG_WARN_OBJC_ROOT_CLASS = YES_ERROR;
				CLANG_WARN_SUSPICIOUS_MOVES = YES;
				CLANG_WARN_UNREACHABLE_CODE = YES;
				CLANG_WARN__DUPLICATE_METHOD_MATCH = YES;
				"CODE_SIGN_IDENTITY[sdk=iphoneos*]" = "iPhone Developer";
				COPY_PHASE_STRIP = NO;
				DEBUG_INFORMATION_FORMAT = dwarf;
				ENABLE_STRICT_OBJC_MSGSEND = YES;
				ENABLE_TESTABILITY = YES;
				GCC_C_LANGUAGE_STANDARD = gnu99;
				GCC_DYNAMIC_NO_PIC = NO;
				GCC_NO_COMMON_BLOCKS = YES;
				GCC_OPTIMIZATION_LEVEL = 0;
				GCC_PREPROCESSOR_DEFINITIONS = (
					"DEBUG=1",
					"$(inherited)",
				);
				GCC_WARN_64_TO_32_BIT_CONVERSION = YES;
				GCC_WARN_ABOUT_RETURN_TYPE = YES_ERROR;
				GCC_WARN_UNDECLARED_SELECTOR = YES;
				GCC_WARN_UNINITIALIZED_AUTOS = YES_AGGRESSIVE;
				GCC_WARN_UNUSED_FUNCTION = YES;
				GCC_WARN_UNUSED_VARIABLE = YES;
				IPHONEOS_DEPLOYMENT_TARGET = 10.1;
				MTL_ENABLE_DEBUG_INFO = YES;
				ONLY_ACTIVE_ARCH = YES;
				SDKROOT = iphoneos;
			};
			name = Debug;
		};
		96EC2BAA1DDC5D02007861E7 /* Release */ = {
			isa = XCBuildConfiguration;
			buildSettings = {
				ALWAYS_SEARCH_USER_PATHS = NO;
				CLANG_ANALYZER_NONNULL = YES;
				CLANG_CXX_LANGUAGE_STANDARD = "gnu++0x";
				CLANG_CXX_LIBRARY = "libc++";
				CLANG_ENABLE_MODULES = YES;
				CLANG_ENABLE_OBJC_ARC = YES;
				CLANG_WARN_BOOL_CONVERSION = YES;
				CLANG_WARN_CONSTANT_CONVERSION = YES;
				CLANG_WARN_DIRECT_OBJC_ISA_USAGE = YES_ERROR;
				CLANG_WARN_DOCUMENTATION_COMMENTS = YES;
				CLANG_WARN_EMPTY_BODY = YES;
				CLANG_WARN_ENUM_CONVERSION = YES;
				CLANG_WARN_INFINITE_RECURSION = YES;
				CLANG_WARN_INT_CONVERSION = YES;
				CLANG_WARN_OBJC_ROOT_CLASS = YES_ERROR;
				CLANG_WARN_SUSPICIOUS_MOVES = YES;
				CLANG_WARN_UNREACHABLE_CODE = YES;
				CLANG_WARN__DUPLICATE_METHOD_MATCH = YES;
				"CODE_SIGN_IDENTITY[sdk=iphoneos*]" = "iPhone Developer";
				COPY_PHASE_STRIP = NO;
				DEBUG_INFORMATION_FORMAT = "dwarf-with-dsym";
				ENABLE_NS_ASSERTIONS = NO;
				ENABLE_STRICT_OBJC_MSGSEND = YES;
				GCC_C_LANGUAGE_STANDARD = gnu99;
				GCC_NO_COMMON_BLOCKS = YES;
				GCC_WARN_64_TO_32_BIT_CONVERSION = YES;
				GCC_WARN_ABOUT_RETURN_TYPE = YES_ERROR;
				GCC_WARN_UNDECLARED_SELECTOR = YES;
				GCC_WARN_UNINITIALIZED_AUTOS = YES_AGGRESSIVE;
				GCC_WARN_UNUSED_FUNCTION = YES;
				GCC_WARN_UNUSED_VARIABLE = YES;
				IPHONEOS_DEPLOYMENT_TARGET = 10.1;
				MTL_ENABLE_DEBUG_INFO = NO;
				SDKROOT = iphoneos;
				VALIDATE_PRODUCT = YES;
			};
			name = Release;
		};
		96EC2BAC1DDC5D02007861E7 /* Debug */ = {
			isa = XCBuildConfiguration;
			buildSettings = {
				ASSETCATALOG_COMPILER_APPICON_NAME = AppIcon;
				INFOPLIST_FILE = KMRuntimeDemo/Info.plist;
				LD_RUNPATH_SEARCH_PATHS = "$(inherited) @executable_path/Frameworks";
				PRODUCT_BUNDLE_IDENTIFIER = com.panjincity.KMRuntimeDemo;
				PRODUCT_NAME = "$(TARGET_NAME)";
			};
			name = Debug;
		};
		96EC2BAD1DDC5D02007861E7 /* Release */ = {
			isa = XCBuildConfiguration;
			buildSettings = {
				ASSETCATALOG_COMPILER_APPICON_NAME = AppIcon;
				INFOPLIST_FILE = KMRuntimeDemo/Info.plist;
				LD_RUNPATH_SEARCH_PATHS = "$(inherited) @executable_path/Frameworks";
				PRODUCT_BUNDLE_IDENTIFIER = com.panjincity.KMRuntimeDemo;
				PRODUCT_NAME = "$(TARGET_NAME)";
			};
			name = Release;
		};
/* End XCBuildConfiguration section */

/* Begin XCConfigurationList section */
		96EC2B8F1DDC5D02007861E7 /* Build configuration list for PBXProject "KMRuntimeDemo" */ = {
			isa = XCConfigurationList;
			buildConfigurations = (
				96EC2BA91DDC5D02007861E7 /* Debug */,
				96EC2BAA1DDC5D02007861E7 /* Release */,
			);
			defaultConfigurationIsVisible = 0;
			defaultConfigurationName = Release;
		};
		96EC2BAB1DDC5D02007861E7 /* Build configuration list for PBXNativeTarget "KMRuntimeDemo" */ = {
			isa = XCConfigurationList;
			buildConfigurations = (
				96EC2BAC1DDC5D02007861E7 /* Debug */,
				96EC2BAD1DDC5D02007861E7 /* Release */,
			);
			defaultConfigurationIsVisible = 0;
			defaultConfigurationName = Release;
		};
/* End XCConfigurationList section */
	};
	rootObject = 96EC2B8C1DDC5D02007861E7 /* Project object */;
}
